
Microsoft Visual Studio Solution File, Format Version 12.00
# Visual Studio Version 17
VisualStudioVersion = 17.12.35527.113
MinimumVisualStudioVersion = 10.0.40219.1
Project("{FAE04EC0-301F-11D3-BF4B-00C04F79EFBC}") = "ProjectDotNetCore", "ProjectDotNetCore\ProjectDotNetCore.csproj", "{CAEBFF6A-9D52-4311-9CA0-F439559851E1}"
EndProject
Project("{FAE04EC0-301F-11D3-BF4B-00C04F79EFBC}") = "eShopSolution.Data", "eShopSolution.Data\eShopSolution.Data.csproj", "{9A263712-32CF-4749-8A98-22F9DDA14696}"
EndProject
Project("{FAE04EC0-301F-11D3-BF4B-00C04F79EFBC}") = "eShopSolution.Application", "eShopSolution.Application\eShopSolution.Application.csproj", "{3078B630-A4F4-451A-A202-F1B606993A21}"
EndProject
Project("{FAE04EC0-301F-11D3-BF4B-00C04F79EFBC}") = "eShopSolution.ViewModels", "eShopSolution.ViewModels\eShopSolution.ViewModels.csproj", "{FFE6D4A2-CBE7-47B7-BB16-BB6D6A356191}"
EndProject
Project("{FAE04EC0-301F-11D3-BF4B-00C04F79EFBC}") = "eShopSolution.BackendApi", "eShopSolution.BackendApi\eShopSolution.BackendApi.csproj", "{41C50494-D97A-4A8C-93C1-477EDD3FD445}"
EndProject
Project("{FAE04EC0-301F-11D3-BF4B-00C04F79EFBC}") = "eShopSolution.Utilities", "eShopSolution.Utilities\eShopSolution.Utilities.csproj", "{BE83ACA8-9D32-487D-9AC3-DA218E81EF94}"
EndProject
Project("{FAE04EC0-301F-11D3-BF4B-00C04F79EFBC}") = "eShopSolution.AdminApp", "eShopSolution.AdminApp\eShopSolution.AdminApp.csproj", "{7B03F769-7F0B-4AB3-96FF-5E0D1C75C5D9}"
EndProject
Global
	GlobalSection(SolutionConfigurationPlatforms) = preSolution
		Debug|Any CPU = Debug|Any CPU
		Release|Any CPU = Release|Any CPU
	EndGlobalSection
	GlobalSection(ProjectConfigurationPlatforms) = postSolution
		{CAEBFF6A-9D52-4311-9CA0-F439559851E1}.Debug|Any CPU.ActiveCfg = Debug|Any CPU
		{CAEBFF6A-9D52-4311-9CA0-F439559851E1}.Debug|Any CPU.Build.0 = Debug|Any CPU
		{CAEBFF6A-9D52-4311-9CA0-F439559851E1}.Release|Any CPU.ActiveCfg = Release|Any CPU
		{CAEBFF6A-9D52-4311-9CA0-F439559851E1}.Release|Any CPU.Build.0 = Release|Any CPU
		{9A263712-32CF-4749-8A98-22F9DDA14696}.Debug|Any CPU.ActiveCfg = Debug|Any CPU
		{9A263712-32CF-4749-8A98-22F9DDA14696}.Debug|Any CPU.Build.0 = Debug|Any CPU
		{9A263712-32CF-4749-8A98-22F9DDA14696}.Release|Any CPU.ActiveCfg = Release|Any CPU
		{9A263712-32CF-4749-8A98-22F9DDA14696}.Release|Any CPU.Build.0 = Release|Any CPU
		{3078B630-A4F4-451A-A202-F1B606993A21}.Debug|Any CPU.ActiveCfg = Debug|Any CPU
		{3078B630-A4F4-451A-A202-F1B606993A21}.Debug|Any CPU.Build.0 = Debug|Any CPU
		{3078B630-A4F4-451A-A202-F1B606993A21}.Release|Any CPU.ActiveCfg = Release|Any CPU
		{3078B630-A4F4-451A-A202-F1B606993A21}.Release|Any CPU.Build.0 = Release|Any CPU
		{FFE6D4A2-CBE7-47B7-BB16-BB6D6A356191}.Debug|Any CPU.ActiveCfg = Debug|Any CPU
		{FFE6D4A2-CBE7-47B7-BB16-BB6D6A356191}.Debug|Any CPU.Build.0 = Debug|Any CPU
		{FFE6D4A2-CBE7-47B7-BB16-BB6D6A356191}.Release|Any CPU.ActiveCfg = Release|Any CPU
		{FFE6D4A2-CBE7-47B7-BB16-BB6D6A356191}.Release|Any CPU.Build.0 = Release|Any CPU
		{41C50494-D97A-4A8C-93C1-477EDD3FD445}.Debug|Any CPU.ActiveCfg = Debug|Any CPU
		{41C50494-D97A-4A8C-93C1-477EDD3FD445}.Debug|Any CPU.Build.0 = Debug|Any CPU
		{41C50494-D97A-4A8C-93C1-477EDD3FD445}.Release|Any CPU.ActiveCfg = Release|Any CPU
		{41C50494-D97A-4A8C-93C1-477EDD3FD445}.Release|Any CPU.Build.0 = Release|Any CPU
		{BE83ACA8-9D32-487D-9AC3-DA218E81EF94}.Debug|Any CPU.ActiveCfg = Debug|Any CPU
		{BE83ACA8-9D32-487D-9AC3-DA218E81EF94}.Debug|Any CPU.Build.0 = Debug|Any CPU
		{BE83ACA8-9D32-487D-9AC3-DA218E81EF94}.Release|Any CPU.ActiveCfg = Release|Any CPU
		{BE83ACA8-9D32-487D-9AC3-DA218E81EF94}.Release|Any CPU.Build.0 = Release|Any CPU
		{7B03F769-7F0B-4AB3-96FF-5E0D1C75C5D9}.Debug|Any CPU.ActiveCfg = Debug|Any CPU
		{7B03F769-7F0B-4AB3-96FF-5E0D1C75C5D9}.Debug|Any CPU.Build.0 = Debug|Any CPU
		{7B03F769-7F0B-4AB3-96FF-5E0D1C75C5D9}.Release|Any CPU.ActiveCfg = Release|Any CPU
		{7B03F769-7F0B-4AB3-96FF-5E0D1C75C5D9}.Release|Any CPU.Build.0 = Release|Any CPU
	EndGlobalSection
	GlobalSection(SolutionProperties) = preSolution
		HideSolutionNode = FALSE
	EndGlobalSection
EndGlobal
